# This file is automatically @generated by Cargo.
# It is not intended for manual editing.
[[package]]
name = "wasm_vercel_example"
version = "0.1.0"
dependencies = [
 "wasmedge_tensorflow_interface",
]

[[package]]
name = "wasmedge_tensorflow_interface"
version = "0.2.0"
source = "registry+https://github.com/rust-lang/crates.io-index"
checksum = "53a95373340532901481ea673809aa760f38fdac81cdbb847490949297edd9cc"
